
Microsoft Visual Studio Solution File, Format Version 12.00
# Visual Studio Version 16
VisualStudioVersion = 16.0.31624.102
MinimumVisualStudioVersion = 10.0.40219.1
Project("{9A19103F-16F7-4668-BE54-9A1E7A4F7556}") = "ObseravabilityEasyDebug", "ObseravabilityEasyDebug.csproj", "{DA10D3B2-E536-40B8-AD73-70363C0DC287}"
EndProject
Global
	GlobalSection(SolutionConfigurationPlatforms) = preSolution
		Debug|Any CPU = Debug|Any CPU
		Release|Any CPU = Release|Any CPU
	EndGlobalSection
	GlobalSection(ProjectConfigurationPlatforms) = postSolution
		{DA10D3B2-E536-40B8-AD73-70363C0DC287}.Debug|Any CPU.ActiveCfg = Debug|Any CPU
		{DA10D3B2-E536-40B8-AD73-70363C0DC287}.Debug|Any CPU.Build.0 = Debug|Any CPU
		{DA10D3B2-E536-40B8-AD73-70363C0DC287}.Release|Any CPU.ActiveCfg = Release|Any CPU
		{DA10D3B2-E536-40B8-AD73-70363C0DC287}.Release|Any CPU.Build.0 = Release|Any CPU
	EndGlobalSection
	GlobalSection(SolutionProperties) = preSolution
		HideSolutionNode = FALSE
	EndGlobalSection
	GlobalSection(ExtensibilityGlobals) = postSolution
		SolutionGuid = {B70DEB85-8118-4B9B-8CAA-5CC868F33EDA}
	EndGlobalSection
EndGlobal
